
Microsoft Visual Studio Solution File, Format Version 12.00
# Visual Studio 15
VisualStudioVersion = 15.0.28307.1267
MinimumVisualStudioVersion = 10.0.40219.1
Project("{FAE04EC0-301F-11D3-BF4B-00C04F79EFBC}") = "1256648_Hasan", "1256648_Hasan\1256648_Hasan.csproj", "{D257C206-6ED1-40A9-A85C-3DC226D0FE1F}"
EndProject
Project("{FAE04EC0-301F-11D3-BF4B-00C04F79EFBC}") = "SignalR_hub", "SignalR_hub\SignalR_hub.csproj", "{9969ABBF-296A-4FF5-BB3E-1BEDB52D8EBE}"
EndProject
Global
	GlobalSection(SolutionConfigurationPlatforms) = preSolution
		Debug|Any CPU = Debug|Any CPU
		Release|Any CPU = Release|Any CPU
	EndGlobalSection
	GlobalSection(ProjectConfigurationPlatforms) = postSolution
		{D257C206-6ED1-40A9-A85C-3DC226D0FE1F}.Debug|Any CPU.ActiveCfg = Debug|Any CPU
		{D257C206-6ED1-40A9-A85C-3DC226D0FE1F}.Debug|Any CPU.Build.0 = Debug|Any CPU
		{D257C206-6ED1-40A9-A85C-3DC226D0FE1F}.Release|Any CPU.ActiveCfg = Release|Any CPU
		{D257C206-6ED1-40A9-A85C-3DC226D0FE1F}.Release|Any CPU.Build.0 = Release|Any CPU
		{9969ABBF-296A-4FF5-BB3E-1BEDB52D8EBE}.Debug|Any CPU.ActiveCfg = Debug|Any CPU
		{9969ABBF-296A-4FF5-BB3E-1BEDB52D8EBE}.Debug|Any CPU.Build.0 = Debug|Any CPU
		{9969ABBF-296A-4FF5-BB3E-1BEDB52D8EBE}.Release|Any CPU.ActiveCfg = Release|Any CPU
		{9969ABBF-296A-4FF5-BB3E-1BEDB52D8EBE}.Release|Any CPU.Build.0 = Release|Any CPU
	EndGlobalSection
	GlobalSection(SolutionProperties) = preSolution
		HideSolutionNode = FALSE
	EndGlobalSection
	GlobalSection(ExtensibilityGlobals) = postSolution
		SolutionGuid = {0A26977C-95ED-4657-B2D1-FA68F33F1081}
	EndGlobalSection
EndGlobal
