
Microsoft Visual Studio Solution File, Format Version 12.00
# Visual Studio 15
VisualStudioVersion = 15.0.28307.1267
MinimumVisualStudioVersion = 10.0.40219.1
Project("{FAE04EC0-301F-11D3-BF4B-00C04F79EFBC}") = "TCMS_angularJS", "TCMS_angularJS\TCMS_angularJS.csproj", "{FCC1EA17-866B-430A-9D7B-24D0A1012834}"
EndProject
Project("{FAE04EC0-301F-11D3-BF4B-00C04F79EFBC}") = "TCMS_angular", "TCMS_angular\TCMS_angular.csproj", "{B5A1A838-E70E-44EF-B616-C6A95D2EBE7F}"
EndProject
Global
	GlobalSection(SolutionConfigurationPlatforms) = preSolution
		Debug|Any CPU = Debug|Any CPU
		Release|Any CPU = Release|Any CPU
	EndGlobalSection
	GlobalSection(ProjectConfigurationPlatforms) = postSolution
		{FCC1EA17-866B-430A-9D7B-24D0A1012834}.Debug|Any CPU.ActiveCfg = Debug|Any CPU
		{FCC1EA17-866B-430A-9D7B-24D0A1012834}.Debug|Any CPU.Build.0 = Debug|Any CPU
		{FCC1EA17-866B-430A-9D7B-24D0A1012834}.Release|Any CPU.ActiveCfg = Release|Any CPU
		{FCC1EA17-866B-430A-9D7B-24D0A1012834}.Release|Any CPU.Build.0 = Release|Any CPU
		{B5A1A838-E70E-44EF-B616-C6A95D2EBE7F}.Debug|Any CPU.ActiveCfg = Debug|Any CPU
		{B5A1A838-E70E-44EF-B616-C6A95D2EBE7F}.Debug|Any CPU.Build.0 = Debug|Any CPU
		{B5A1A838-E70E-44EF-B616-C6A95D2EBE7F}.Release|Any CPU.ActiveCfg = Release|Any CPU
		{B5A1A838-E70E-44EF-B616-C6A95D2EBE7F}.Release|Any CPU.Build.0 = Release|Any CPU
	EndGlobalSection
	GlobalSection(SolutionProperties) = preSolution
		HideSolutionNode = FALSE
	EndGlobalSection
	GlobalSection(ExtensibilityGlobals) = postSolution
		SolutionGuid = {25571ECB-BC16-4C2F-B98F-15D7DBB6162F}
	EndGlobalSection
EndGlobal
